
Microsoft Visual Studio Solution File, Format Version 12.00
# Visual Studio 15
VisualStudioVersion = 15.0.27130.2036
MinimumVisualStudioVersion = 10.0.40219.1
Project("{FAE04EC0-301F-11D3-BF4B-00C04F79EFBC}") = "Task_Input_Validation", "Task_Input_Validation.csproj", "{258F673F-0B6F-4382-A8DF-951E761627D9}"
EndProject
Global
	GlobalSection(SolutionConfigurationPlatforms) = preSolution
		Debug|Any CPU = Debug|Any CPU
		Release|Any CPU = Release|Any CPU
	EndGlobalSection
	GlobalSection(ProjectConfigurationPlatforms) = postSolution
		{258F673F-0B6F-4382-A8DF-951E761627D9}.Debug|Any CPU.ActiveCfg = Debug|Any CPU
		{258F673F-0B6F-4382-A8DF-951E761627D9}.Debug|Any CPU.Build.0 = Debug|Any CPU
		{258F673F-0B6F-4382-A8DF-951E761627D9}.Release|Any CPU.ActiveCfg = Release|Any CPU
		{258F673F-0B6F-4382-A8DF-951E761627D9}.Release|Any CPU.Build.0 = Release|Any CPU
	EndGlobalSection
	GlobalSection(SolutionProperties) = preSolution
		HideSolutionNode = FALSE
	EndGlobalSection
	GlobalSection(ExtensibilityGlobals) = postSolution
		SolutionGuid = {698FB752-1FEB-48A6-A99D-D3258A639991}
	EndGlobalSection
EndGlobal
